
Microsoft Visual Studio Solution File, Format Version 12.00
# Visual Studio Version 16
VisualStudioVersion = 16.0.30621.155
MinimumVisualStudioVersion = 10.0.40219.1
Project("{FAE04EC0-301F-11D3-BF4B-00C04F79EFBC}") = "LexShop.Core", "LexShop.Core\LexShop.Core.csproj", "{ABBDC80E-15D4-4EB9-B522-F4BD4FD2826B}"
EndProject
Project("{FAE04EC0-301F-11D3-BF4B-00C04F79EFBC}") = "LexShop.Services", "LexShop.Services\LexShop.Services.csproj", "{9B28BC24-BA65-4C3E-8786-ACBB356F3432}"
EndProject
Project("{FAE04EC0-301F-11D3-BF4B-00C04F79EFBC}") = "LexShop.DataAccess.SQL", "LexShop.DataAccess.SQL\LexShop.DataAccess.SQL.csproj", "{7C091A40-0CCF-433E-9FEA-C03D6D9E7203}"
EndProject
Project("{FAE04EC0-301F-11D3-BF4B-00C04F79EFBC}") = "LexShop.DataAccess.InMemory", "LexShop.DataAccess.InMemory\LexShop.DataAccess.InMemory.csproj", "{61FCCA60-0294-4C90-9224-3E04B29B2BC5}"
EndProject
Project("{FAE04EC0-301F-11D3-BF4B-00C04F79EFBC}") = "LexShop.WebUI", "LexShop.WebUI\LexShop.WebUI.csproj", "{D9C70AA2-254E-4577-A956-01D3CDF6B7A7}"
EndProject
Global
	GlobalSection(SolutionConfigurationPlatforms) = preSolution
		Debug|Any CPU = Debug|Any CPU
		Release|Any CPU = Release|Any CPU
	EndGlobalSection
	GlobalSection(ProjectConfigurationPlatforms) = postSolution
		{ABBDC80E-15D4-4EB9-B522-F4BD4FD2826B}.Debug|Any CPU.ActiveCfg = Debug|Any CPU
		{ABBDC80E-15D4-4EB9-B522-F4BD4FD2826B}.Debug|Any CPU.Build.0 = Debug|Any CPU
		{ABBDC80E-15D4-4EB9-B522-F4BD4FD2826B}.Release|Any CPU.ActiveCfg = Release|Any CPU
		{ABBDC80E-15D4-4EB9-B522-F4BD4FD2826B}.Release|Any CPU.Build.0 = Release|Any CPU
		{9B28BC24-BA65-4C3E-8786-ACBB356F3432}.Debug|Any CPU.ActiveCfg = Debug|Any CPU
		{9B28BC24-BA65-4C3E-8786-ACBB356F3432}.Debug|Any CPU.Build.0 = Debug|Any CPU
		{9B28BC24-BA65-4C3E-8786-ACBB356F3432}.Release|Any CPU.ActiveCfg = Release|Any CPU
		{9B28BC24-BA65-4C3E-8786-ACBB356F3432}.Release|Any CPU.Build.0 = Release|Any CPU
		{7C091A40-0CCF-433E-9FEA-C03D6D9E7203}.Debug|Any CPU.ActiveCfg = Debug|Any CPU
		{7C091A40-0CCF-433E-9FEA-C03D6D9E7203}.Debug|Any CPU.Build.0 = Debug|Any CPU
		{7C091A40-0CCF-433E-9FEA-C03D6D9E7203}.Release|Any CPU.ActiveCfg = Release|Any CPU
		{7C091A40-0CCF-433E-9FEA-C03D6D9E7203}.Release|Any CPU.Build.0 = Release|Any CPU
		{61FCCA60-0294-4C90-9224-3E04B29B2BC5}.Debug|Any CPU.ActiveCfg = Debug|Any CPU
		{61FCCA60-0294-4C90-9224-3E04B29B2BC5}.Debug|Any CPU.Build.0 = Debug|Any CPU
		{61FCCA60-0294-4C90-9224-3E04B29B2BC5}.Release|Any CPU.ActiveCfg = Release|Any CPU
		{61FCCA60-0294-4C90-9224-3E04B29B2BC5}.Release|Any CPU.Build.0 = Release|Any CPU
		{D9C70AA2-254E-4577-A956-01D3CDF6B7A7}.Debug|Any CPU.ActiveCfg = Debug|Any CPU
		{D9C70AA2-254E-4577-A956-01D3CDF6B7A7}.Debug|Any CPU.Build.0 = Debug|Any CPU
		{D9C70AA2-254E-4577-A956-01D3CDF6B7A7}.Release|Any CPU.ActiveCfg = Release|Any CPU
		{D9C70AA2-254E-4577-A956-01D3CDF6B7A7}.Release|Any CPU.Build.0 = Release|Any CPU
	EndGlobalSection
	GlobalSection(SolutionProperties) = preSolution
		HideSolutionNode = FALSE
	EndGlobalSection
	GlobalSection(ExtensibilityGlobals) = postSolution
		SolutionGuid = {067BC740-5EFE-41A4-ADFA-DB5097AFD4AA}
	EndGlobalSection
EndGlobal
